// !$*UTF8*$!
{
	archiveVersion = 1;
	classes = {
	};
	objectVersion = 46;
	objects = {

/* Begin PBXBuildFile section */
		DF0A442718B4BE9000F09105 /* Foundation.framework in Frameworks */ = {isa = PBXBuildFile; fileRef = DF0A442618B4BE9000F09105 /* Foundation.framework */; };
		DF0A442918B4BE9000F09105 /* CoreGraphics.framework in Frameworks */ = {isa = PBXBuildFile; fileRef = DF0A442818B4BE9000F09105 /* CoreGraphics.framework */; };
		DF0A442B18B4BE9000F09105 /* UIKit.framework in Frameworks */ = {isa = PBXBuildFile; fileRef = DF0A442A18B4BE9000F09105 /* UIKit.framework */; };
		DF0A443118B4BE9000F09105 /* InfoPlist.strings in Resources */ = {isa = PBXBuildFile; fileRef = DF0A442F18B4BE9000F09105 /* InfoPlist.strings */; };
		DF0A443318B4BE9000F09105 /* main.m in Sources */ = {isa = PBXBuildFile; fileRef = DF0A443218B4BE9000F09105 /* main.m */; };
		DF0A443718B4BE9000F09105 /* SFAppDelegate.m in Sources */ = {isa = PBXBuildFile; fileRef = DF0A443618B4BE9000F09105 /* SFAppDelegate.m */; };
		DF0A443918B4BE9000F09105 /* Images.xcassets in Resources */ = {isa = PBXBuildFile; fileRef = DF0A443818B4BE9000F09105 /* Images.xcassets */; };
		DF0A444018B4BE9000F09105 /* XCTest.framework in Frameworks */ = {isa = PBXBuildFile; fileRef = DF0A443F18B4BE9000F09105 /* XCTest.framework */; };
		DF0A444118B4BE9000F09105 /* Foundation.framework in Frameworks */ = {isa = PBXBuildFile; fileRef = DF0A442618B4BE9000F09105 /* Foundation.framework */; };
		DF0A444218B4BE9000F09105 /* UIKit.framework in Frameworks */ = {isa = PBXBuildFile; fileRef = DF0A442A18B4BE9000F09105 /* UIKit.framework */; };
		DF0A444A18B4BE9000F09105 /* InfoPlist.strings in Resources */ = {isa = PBXBuildFile; fileRef = DF0A444818B4BE9000F09105 /* InfoPlist.strings */; };
		DF0A444C18B4BE9000F09105 /* BetaNewsTests.m in Sources */ = {isa = PBXBuildFile; fileRef = DF0A444B18B4BE9000F09105 /* BetaNewsTests.m */; };
/* End PBXBuildFile section */

/* Begin PBXContainerItemProxy section */
		DF0A444318B4BE9000F09105 /* PBXContainerItemProxy */ = {
			isa = PBXContainerItemProxy;
			containerPortal = DF0A441B18B4BE9000F09105 /* Project object */;
			proxyType = 1;
			remoteGlobalIDString = DF0A442218B4BE9000F09105;
			remoteInfo = BetaNews;
		};
/* End PBXContainerItemProxy section */

/* Begin PBXFileReference section */
		DF0A442318B4BE9000F09105 /* BetaNews.app */ = {isa = PBXFileReference; explicitFileType = wrapper.application; includeInIndex = 0; path = BetaNews.app; sourceTree = BUILT_PRODUCTS_DIR; };
		DF0A442618B4BE9000F09105 /* Foundation.framework */ = {isa = PBXFileReference; lastKnownFileType = wrapper.framework; name = Foundation.framework; path = System/Library/Frameworks/Foundation.framework; sourceTree = SDKROOT; };
		DF0A442818B4BE9000F09105 /* CoreGraphics.framework */ = {isa = PBXFileReference; lastKnownFileType = wrapper.framework; name = CoreGraphics.framework; path = System/Library/Frameworks/CoreGraphics.framework; sourceTree = SDKROOT; };
		DF0A442A18B4BE9000F09105 /* UIKit.framework */ = {isa = PBXFileReference; lastKnownFileType = wrapper.framework; name = UIKit.framework; path = System/Library/Frameworks/UIKit.framework; sourceTree = SDKROOT; };
		DF0A442E18B4BE9000F09105 /* BetaNews-Info.plist */ = {isa = PBXFileReference; lastKnownFileType = text.plist.xml; path = "BetaNews-Info.plist"; sourceTree = "<group>"; };
		DF0A443018B4BE9000F09105 /* en */ = {isa = PBXFileReference; lastKnownFileType = text.plist.strings; name = en; path = en.lproj/InfoPlist.strings; sourceTree = "<group>"; };
		DF0A443218B4BE9000F09105 /* main.m */ = {isa = PBXFileReference; lastKnownFileType = sourcecode.c.objc; path = main.m; sourceTree = "<group>"; };
		DF0A443418B4BE9000F09105 /* BetaNews-Prefix.pch */ = {isa = PBXFileReference; lastKnownFileType = sourcecode.c.h; path = "BetaNews-Prefix.pch"; sourceTree = "<group>"; };
		DF0A443518B4BE9000F09105 /* SFAppDelegate.h */ = {isa = PBXFileReference; lastKnownFileType = sourcecode.c.h; path = SFAppDelegate.h; sourceTree = "<group>"; };
		DF0A443618B4BE9000F09105 /* SFAppDelegate.m */ = {isa = PBXFileReference; lastKnownFileType = sourcecode.c.objc; path = SFAppDelegate.m; sourceTree = "<group>"; };
		DF0A443818B4BE9000F09105 /* Images.xcassets */ = {isa = PBXFileReference; lastKnownFileType = folder.assetcatalog; path = Images.xcassets; sourceTree = "<group>"; };
		DF0A443E18B4BE9000F09105 /* BetaNewsTests.xctest */ = {isa = PBXFileReference; explicitFileType = wrapper.cfbundle; includeInIndex = 0; path = BetaNewsTests.xctest; sourceTree = BUILT_PRODUCTS_DIR; };
		DF0A443F18B4BE9000F09105 /* XCTest.framework */ = {isa = PBXFileReference; lastKnownFileType = wrapper.framework; name = XCTest.framework; path = Library/Frameworks/XCTest.framework; sourceTree = DEVELOPER_DIR; };
		DF0A444718B4BE9000F09105 /* BetaNewsTests-Info.plist */ = {isa = PBXFileReference; lastKnownFileType = text.plist.xml; path = "BetaNewsTests-Info.plist"; sourceTree = "<group>"; };
		DF0A444918B4BE9000F09105 /* en */ = {isa = PBXFileReference; lastKnownFileType = text.plist.strings; name = en; path = en.lproj/InfoPlist.strings; sourceTree = "<group>"; };
		DF0A444B18B4BE9000F09105 /* BetaNewsTests.m */ = {isa = PBXFileReference; lastKnownFileType = sourcecode.c.objc; path = BetaNewsTests.m; sourceTree = "<group>"; };
/* End PBXFileReference section */

/* Begin PBXFrameworksBuildPhase section */
		DF0A442018B4BE9000F09105 /* Frameworks */ = {
			isa = PBXFrameworksBuildPhase;
			buildActionMask = 2147483647;
			files = (
				DF0A442918B4BE9000F09105 /* CoreGraphics.framework in Frameworks */,
				DF0A442B18B4BE9000F09105 /* UIKit.framework in Frameworks */,
				DF0A442718B4BE9000F09105 /* Foundation.framework in Frameworks */,
			);
			runOnlyForDeploymentPostprocessing = 0;
		};
		DF0A443B18B4BE9000F09105 /* Frameworks */ = {
			isa = PBXFrameworksBuildPhase;
			buildActionMask = 2147483647;
			files = (
				DF0A444018B4BE9000F09105 /* XCTest.framework in Frameworks */,
				DF0A444218B4BE9000F09105 /* UIKit.framework in Frameworks */,
				DF0A444118B4BE9000F09105 /* Foundation.framework in Frameworks */,
			);
			runOnlyForDeploymentPostprocessing = 0;
		};
/* End PBXFrameworksBuildPhase section */

/* Begin PBXGroup section */
		DF0A441A18B4BE9000F09105 = {
			isa = PBXGroup;
			children = (
				DF0A442C18B4BE9000F09105 /* BetaNews */,
				DF0A444518B4BE9000F09105 /* BetaNewsTests */,
				DF0A442518B4BE9000F09105 /* Frameworks */,
				DF0A442418B4BE9000F09105 /* Products */,
			);
			sourceTree = "<group>";
		};
		DF0A442418B4BE9000F09105 /* Products */ = {
			isa = PBXGroup;
			children = (
				DF0A442318B4BE9000F09105 /* BetaNews.app */,
				DF0A443E18B4BE9000F09105 /* BetaNewsTests.xctest */,
			);
			name = Products;
			sourceTree = "<group>";
		};
		DF0A442518B4BE9000F09105 /* Frameworks */ = {
			isa = PBXGroup;
			children = (
				DF0A442618B4BE9000F09105 /* Foundation.framework */,
				DF0A442818B4BE9000F09105 /* CoreGraphics.framework */,
				DF0A442A18B4BE9000F09105 /* UIKit.framework */,
				DF0A443F18B4BE9000F09105 /* XCTest.framework */,
			);
			name = Frameworks;
			sourceTree = "<group>";
		};
		DF0A442C18B4BE9000F09105 /* BetaNews */ = {
			isa = PBXGroup;
			children = (
				DF0A443518B4BE9000F09105 /* SFAppDelegate.h */,
				DF0A443618B4BE9000F09105 /* SFAppDelegate.m */,
				DF0A443818B4BE9000F09105 /* Images.xcassets */,
				DF0A442D18B4BE9000F09105 /* Supporting Files */,
			);
			path = BetaNews;
			sourceTree = "<group>";
		};
		DF0A442D18B4BE9000F09105 /* Supporting Files */ = {
			isa = PBXGroup;
			children = (
				DF0A442E18B4BE9000F09105 /* BetaNews-Info.plist */,
				DF0A442F18B4BE9000F09105 /* InfoPlist.strings */,
				DF0A443218B4BE9000F09105 /* main.m */,
				DF0A443418B4BE9000F09105 /* BetaNews-Prefix.pch */,
			);
			name = "Supporting Files";
			sourceTree = "<group>";
		};
		DF0A444518B4BE9000F09105 /* BetaNewsTests */ = {
			isa = PBXGroup;
			children = (
				DF0A444B18B4BE9000F09105 /* BetaNewsTests.m */,
				DF0A444618B4BE9000F09105 /* Supporting Files */,
			);
			path = BetaNewsTests;
			sourceTree = "<group>";
		};
		DF0A444618B4BE9000F09105 /* Supporting Files */ = {
			isa = PBXGroup;
			children = (
				DF0A444718B4BE9000F09105 /* BetaNewsTests-Info.plist */,
				DF0A444818B4BE9000F09105 /* InfoPlist.strings */,
			);
			name = "Supporting Files";
			sourceTree = "<group>";
		};
/* End PBXGroup section */

/* Begin PBXNativeTarget section */
		DF0A442218B4BE9000F09105 /* BetaNews */ = {
			isa = PBXNativeTarget;
			buildConfigurationList = DF0A444F18B4BE9000F09105 /* Build configuration list for PBXNativeTarget "BetaNews" */;
			buildPhases = (
				DF0A441F18B4BE9000F09105 /* Sources */,
				DF0A442018B4BE9000F09105 /* Frameworks */,
				DF0A442118B4BE9000F09105 /* Resources */,
			);
			buildRules = (
			);
			dependencies = (
			);
			name = BetaNews;
			productName = BetaNews;
			productReference = DF0A442318B4BE9000F09105 /* BetaNews.app */;
			productType = "com.apple.product-type.application";
		};
		DF0A443D18B4BE9000F09105 /* BetaNewsTests */ = {
			isa = PBXNativeTarget;
			buildConfigurationList = DF0A445218B4BE9000F09105 /* Build configuration list for PBXNativeTarget "BetaNewsTests" */;
			buildPhases = (
				DF0A443A18B4BE9000F09105 /* Sources */,
				DF0A443B18B4BE9000F09105 /* Frameworks */,
				DF0A443C18B4BE9000F09105 /* Resources */,
			);
			buildRules = (
			);
			dependencies = (
				DF0A444418B4BE9000F09105 /* PBXTargetDependency */,
			);
			name = BetaNewsTests;
			productName = BetaNewsTests;
			productReference = DF0A443E18B4BE9000F09105 /* BetaNewsTests.xctest */;
			productType = "com.apple.product-type.bundle.unit-test";
		};
/* End PBXNativeTarget section */

/* Begin PBXProject section */
		DF0A441B18B4BE9000F09105 /* Project object */ = {
			isa = PBXProject;
			attributes = {
				CLASSPREFIX = SF;
				LastUpgradeCheck = 0510;
				ORGANIZATIONNAME = "孙培峰";
				TargetAttributes = {
					DF0A443D18B4BE9000F09105 = {
						TestTargetID = DF0A442218B4BE9000F09105;
					};
				};
			};
			buildConfigurationList = DF0A441E18B4BE9000F09105 /* Build configuration list for PBXProject "BetaNews" */;
			compatibilityVersion = "Xcode 3.2";
			developmentRegion = English;
			hasScannedForEncodings = 0;
			knownRegions = (
				en,
			);
			mainGroup = DF0A441A18B4BE9000F09105;
			productRefGroup = DF0A442418B4BE9000F09105 /* Products */;
			projectDirPath = "";
			projectRoot = "";
			targets = (
				DF0A442218B4BE9000F09105 /* BetaNews */,
				DF0A443D18B4BE9000F09105 /* BetaNewsTests */,
			);
		};
/* End PBXProject section */

/* Begin PBXResourcesBuildPhase section */
		DF0A442118B4BE9000F09105 /* Resources */ = {
			isa = PBXResourcesBuildPhase;
			buildActionMask = 2147483647;
			files = (
				DF0A443118B4BE9000F09105 /* InfoPlist.strings in Resources */,
				DF0A443918B4BE9000F09105 /* Images.xcassets in Resources */,
			);
			runOnlyForDeploymentPostprocessing = 0;
		};
		DF0A443C18B4BE9000F09105 /* Resources */ = {
			isa = PBXResourcesBuildPhase;
			buildActionMask = 2147483647;
			files = (
				DF0A444A18B4BE9000F09105 /* InfoPlist.strings in Resources */,
			);
			runOnlyForDeploymentPostprocessing = 0;
		};
/* End PBXResourcesBuildPhase section */

/* Begin PBXSourcesBuildPhase section */
		DF0A441F18B4BE9000F09105 /* Sources */ = {
			isa = PBXSourcesBuildPhase;
			buildActionMask = 2147483647;
			files = (
				DF0A443318B4BE9000F09105 /* main.m in Sources */,
				DF0A443718B4BE9000F09105 /* SFAppDelegate.m in Sources */,
			);
			runOnlyForDeploymentPostprocessing = 0;
		};
		DF0A443A18B4BE9000F09105 /* Sources */ = {
			isa = PBXSourcesBuildPhase;
			buildActionMask = 2147483647;
			files = (
				DF0A444C18B4BE9000F09105 /* BetaNewsTests.m in Sources */,
			);
			runOnlyForDeploymentPostprocessing = 0;
		};
/* End PBXSourcesBuildPhase section */

/* Begin PBXTargetDependency section */
		DF0A444418B4BE9000F09105 /* PBXTargetDependency */ = {
			isa = PBXTargetDependency;
			target = DF0A442218B4BE9000F09105 /* BetaNews */;
			targetProxy = DF0A444318B4BE9000F09105 /* PBXContainerItemProxy */;
		};
/* End PBXTargetDependency section */

/* Begin PBXVariantGroup section */
		DF0A442F18B4BE9000F09105 /* InfoPlist.strings */ = {
			isa = PBXVariantGroup;
			children = (
				DF0A443018B4BE9000F09105 /* en */,
			);
			name = InfoPlist.strings;
			sourceTree = "<group>";
		};
		DF0A444818B4BE9000F09105 /* InfoPlist.strings */ = {
			isa = PBXVariantGroup;
			children = (
				DF0A444918B4BE9000F09105 /* en */,
			);
			name = InfoPlist.strings;
			sourceTree = "<group>";
		};
/* End PBXVariantGroup section */

/* Begin XCBuildConfiguration section */
		DF0A444D18B4BE9000F09105 /* Debug */ = {
			isa = XCBuildConfiguration;
			buildSettings = {
				ALWAYS_SEARCH_USER_PATHS = NO;
				ARCHS = "$(ARCHS_STANDARD_INCLUDING_64_BIT)";
				CLANG_CXX_LANGUAGE_STANDARD = "gnu++0x";
				CLANG_CXX_LIBRARY = "libc++";
				CLANG_ENABLE_MODULES = YES;
				CLANG_ENABLE_OBJC_ARC = YES;
				CLANG_WARN_BOOL_CONVERSION = YES;
				CLANG_WARN_CONSTANT_CONVERSION = YES;
				CLANG_WARN_DIRECT_OBJC_ISA_USAGE = YES_ERROR;
				CLANG_WARN_EMPTY_BODY = YES;
				CLANG_WARN_ENUM_CONVERSION = YES;
				CLANG_WARN_INT_CONVERSION = YES;
				CLANG_WARN_OBJC_ROOT_CLASS = YES_ERROR;
				CLANG_WARN__DUPLICATE_METHOD_MATCH = YES;
				"CODE_SIGN_IDENTITY[sdk=iphoneos*]" = "iPhone Developer";
				COPY_PHASE_STRIP = NO;
				GCC_C_LANGUAGE_STANDARD = gnu99;
				GCC_DYNAMIC_NO_PIC = NO;
				GCC_OPTIMIZATION_LEVEL = 0;
				GCC_PREPROCESSOR_DEFINITIONS = (
					"DEBUG=1",
					"$(inherited)",
				);
				GCC_SYMBOLS_PRIVATE_EXTERN = NO;
				GCC_WARN_64_TO_32_BIT_CONVERSION = YES;
				GCC_WARN_ABOUT_RETURN_TYPE = YES_ERROR;
				GCC_WARN_UNDECLARED_SELECTOR = YES;
				GCC_WARN_UNINITIALIZED_AUTOS = YES_AGGRESSIVE;
				GCC_WARN_UNUSED_FUNCTION = YES;
				GCC_WARN_UNUSED_VARIABLE = YES;
				IPHONEOS_DEPLOYMENT_TARGET = 7.1;
				ONLY_ACTIVE_ARCH = YES;
				SDKROOT = iphoneos;
			};
			name = Debug;
		};
		DF0A444E18B4BE9000F09105 /* Release */ = {
			isa = XCBuildConfiguration;
			buildSettings = {
				ALWAYS_SEARCH_USER_PATHS = NO;
				ARCHS = "$(ARCHS_STANDARD_INCLUDING_64_BIT)";
				CLANG_CXX_LANGUAGE_STANDARD = "gnu++0x";
				CLANG_CXX_LIBRARY = "libc++";
				CLANG_ENABLE_MODULES = YES;
				CLANG_ENABLE_OBJC_ARC = YES;
				CLANG_WARN_BOOL_CONVERSION = YES;
				CLANG_WARN_CONSTANT_CONVERSION = YES;
				CLANG_WARN_DIRECT_OBJC_ISA_USAGE = YES_ERROR;
				CLANG_WARN_EMPTY_BODY = YES;
				CLANG_WARN_ENUM_CONVERSION = YES;
				CLANG_WARN_INT_CONVERSION = YES;
				CLANG_WARN_OBJC_ROOT_CLASS = YES_ERROR;
				CLANG_WARN__DUPLICATE_METHOD_MATCH = YES;
				"CODE_SIGN_IDENTITY[sdk=iphoneos*]" = "iPhone Developer";
				COPY_PHASE_STRIP = YES;
				ENABLE_NS_ASSERTIONS = NO;
				GCC_C_LANGUAGE_STANDARD = gnu99;
				GCC_WARN_64_TO_32_BIT_CONVERSION = YES;
				GCC_WARN_ABOUT_RETURN_TYPE = YES_ERROR;
				GCC_WARN_UNDECLARED_SELECTOR = YES;
				GCC_WARN_UNINITIALIZED_AUTOS = YES_AGGRESSIVE;
				GCC_WARN_UNUSED_FUNCTION = YES;
				GCC_WARN_UNUSED_VARIABLE = YES;
				IPHONEOS_DEPLOYMENT_TARGET = 7.1;
				SDKROOT = iphoneos;
				VALIDATE_PRODUCT = YES;
			};
			name = Release;
		};
		DF0A445018B4BE9000F09105 /* Debug */ = {
			isa = XCBuildConfiguration;
			buildSettings = {
				ASSETCATALOG_COMPILER_APPICON_NAME = AppIcon;
				ASSETCATALOG_COMPILER_LAUNCHIMAGE_NAME = LaunchImage;
				GCC_PRECOMPILE_PREFIX_HEADER = YES;
				GCC_PREFIX_HEADER = "BetaNews/BetaNews-Prefix.pch";
				INFOPLIST_FILE = "BetaNews/BetaNews-Info.plist";
				PRODUCT_NAME = "$(TARGET_NAME)";
				WRAPPER_EXTENSION = app;
			};
			name = Debug;
		};
		DF0A445118B4BE9000F09105 /* Release */ = {
			isa = XCBuildConfiguration;
			buildSettings = {
				ASSETCATALOG_COMPILER_APPICON_NAME = AppIcon;
				ASSETCATALOG_COMPILER_LAUNCHIMAGE_NAME = LaunchImage;
				GCC_PRECOMPILE_PREFIX_HEADER = YES;
				GCC_PREFIX_HEADER = "BetaNews/BetaNews-Prefix.pch";
				INFOPLIST_FILE = "BetaNews/BetaNews-Info.plist";
				PRODUCT_NAME = "$(TARGET_NAME)";
				WRAPPER_EXTENSION = app;
			};
			name = Release;
		};
		DF0A445318B4BE9000F09105 /* Debug */ = {
			isa = XCBuildConfiguration;
			buildSettings = {
				ARCHS = "$(ARCHS_STANDARD_INCLUDING_64_BIT)";
				BUNDLE_LOADER = "$(BUILT_PRODUCTS_DIR)/BetaNews.app/BetaNews";
				FRAMEWORK_SEARCH_PATHS = (
					"$(SDKROOT)/Developer/Library/Frameworks",
					"$(inherited)",
					"$(DEVELOPER_FRAMEWORKS_DIR)",
				);
				GCC_PRECOMPILE_PREFIX_HEADER = YES;
				GCC_PREFIX_HEADER = "BetaNews/BetaNews-Prefix.pch";
				GCC_PREPROCESSOR_DEFINITIONS = (
					"DEBUG=1",
					"$(inherited)",
				);
				INFOPLIST_FILE = "BetaNewsTests/BetaNewsTests-Info.plist";
				PRODUCT_NAME = "$(TARGET_NAME)";
				TEST_HOST = "$(BUNDLE_LOADER)";
				WRAPPER_EXTENSION = xctest;
			};
			name = Debug;
		};
		DF0A445418B4BE9000F09105 /* Release */ = {
			isa = XCBuildConfiguration;
			buildSettings = {
				ARCHS = "$(ARCHS_STANDARD_INCLUDING_64_BIT)";
				BUNDLE_LOADER = "$(BUILT_PRODUCTS_DIR)/BetaNews.app/BetaNews";
				FRAMEWORK_SEARCH_PATHS = (
					"$(SDKROOT)/Developer/Library/Frameworks",
					"$(inherited)",
					"$(DEVELOPER_FRAMEWORKS_DIR)",
				);
				GCC_PRECOMPILE_PREFIX_HEADER = YES;
				GCC_PREFIX_HEADER = "BetaNews/BetaNews-Prefix.pch";
				INFOPLIST_FILE = "BetaNewsTests/BetaNewsTests-Info.plist";
				PRODUCT_NAME = "$(TARGET_NAME)";
				TEST_HOST = "$(BUNDLE_LOADER)";
				WRAPPER_EXTENSION = xctest;
			};
			name = Release;
		};
/* End XCBuildConfiguration section */

/* Begin XCConfigurationList section */
		DF0A441E18B4BE9000F09105 /* Build configuration list for PBXProject "BetaNews" */ = {
			isa = XCConfigurationList;
			buildConfigurations = (
				DF0A444D18B4BE9000F09105 /* Debug */,
				DF0A444E18B4BE9000F09105 /* Release */,
			);
			defaultConfigurationIsVisible = 0;
			defaultConfigurationName = Release;
		};
		DF0A444F18B4BE9000F09105 /* Build configuration list for PBXNativeTarget "BetaNews" */ = {
			isa = XCConfigurationList;
			buildConfigurations = (
				DF0A445018B4BE9000F09105 /* Debug */,
				DF0A445118B4BE9000F09105 /* Release */,
			);
			defaultConfigurationIsVisible = 0;
		};
		DF0A445218B4BE9000F09105 /* Build configuration list for PBXNativeTarget "BetaNewsTests" */ = {
			isa = XCConfigurationList;
			buildConfigurations = (
				DF0A445318B4BE9000F09105 /* Debug */,
				DF0A445418B4BE9000F09105 /* Release */,
			);
			defaultConfigurationIsVisible = 0;
		};
/* End XCConfigurationList section */
	};
	rootObject = DF0A441B18B4BE9000F09105 /* Project object */;
}
